
Microsoft Visual Studio Solution File, Format Version 12.00
# Visual Studio Version 17
VisualStudioVersion = 17.9.34714.143
MinimumVisualStudioVersion = 10.0.40219.1
Project("{FAE04EC0-301F-11D3-BF4B-00C04F79EFBC}") = "TestDev.Pro", "TestDev.Pro\TestDev.Pro.csproj", "{39DF0F14-B434-4395-916C-CB8934BE3D37}"
EndProject
Project("{FAE04EC0-301F-11D3-BF4B-00C04F79EFBC}") = "TestDev.ProTests", "TestDev.ProTests\TestDev.ProTests.csproj", "{3E4E93F4-1C36-4ED7-B09C-5BBFA54B78B0}"
EndProject
Global
	GlobalSection(SolutionConfigurationPlatforms) = preSolution
		Debug|Any CPU = Debug|Any CPU
		Release|Any CPU = Release|Any CPU
	EndGlobalSection
	GlobalSection(ProjectConfigurationPlatforms) = postSolution
		{39DF0F14-B434-4395-916C-CB8934BE3D37}.Debug|Any CPU.ActiveCfg = Debug|Any CPU
		{39DF0F14-B434-4395-916C-CB8934BE3D37}.Debug|Any CPU.Build.0 = Debug|Any CPU
		{39DF0F14-B434-4395-916C-CB8934BE3D37}.Release|Any CPU.ActiveCfg = Release|Any CPU
		{39DF0F14-B434-4395-916C-CB8934BE3D37}.Release|Any CPU.Build.0 = Release|Any CPU
		{3E4E93F4-1C36-4ED7-B09C-5BBFA54B78B0}.Debug|Any CPU.ActiveCfg = Debug|Any CPU
		{3E4E93F4-1C36-4ED7-B09C-5BBFA54B78B0}.Debug|Any CPU.Build.0 = Debug|Any CPU
		{3E4E93F4-1C36-4ED7-B09C-5BBFA54B78B0}.Release|Any CPU.ActiveCfg = Release|Any CPU
		{3E4E93F4-1C36-4ED7-B09C-5BBFA54B78B0}.Release|Any CPU.Build.0 = Release|Any CPU
	EndGlobalSection
	GlobalSection(SolutionProperties) = preSolution
		HideSolutionNode = FALSE
	EndGlobalSection
	GlobalSection(ExtensibilityGlobals) = postSolution
		SolutionGuid = {7900A27A-5E77-43DE-9D42-C199B0297BBF}
	EndGlobalSection
EndGlobal
